// !$*UTF8*$!
{
	archiveVersion = 1;
	classes = {
	};
	objectVersion = 77;
	objects = {

/* Begin PBXBuildFile section */
		BF3BFCFB2EFCD69000D253F6 /* Smile4MeWatchOS Watch App.app in Embed Watch Content */ = {isa = PBXBuildFile; fileRef = BF3BFCF12EFCD68F00D253F6 /* Smile4MeWatchOS Watch App.app */; settings = {ATTRIBUTES = (RemoveHeadersOnCopy, ); }; };
		BF3BFD0F2EFCE11700D253F6 /* WidgetKit.framework in Frameworks */ = {isa = PBXBuildFile; fileRef = BFDD42702EFB92C100D031F2 /* WidgetKit.framework */; };
		BF3BFD102EFCE11700D253F6 /* SwiftUI.framework in Frameworks */ = {isa = PBXBuildFile; fileRef = BFDD42722EFB92C100D031F2 /* SwiftUI.framework */; };
		BF3BFD1B2EFCE11900D253F6 /* Smile4MeWatchOS LauncherExtension.appex in Embed Foundation Extensions */ = {isa = PBXBuildFile; fileRef = BF3BFD0E2EFCE11700D253F6 /* Smile4MeWatchOS LauncherExtension.appex */; settings = {ATTRIBUTES = (RemoveHeadersOnCopy, ); }; };
		BF937C402EF974E700FC0916 /* LaunchAtLogin in Frameworks */ = {isa = PBXBuildFile; productRef = BF937C3F2EF974E700FC0916 /* LaunchAtLogin */; };
		BFDD42712EFB92C100D031F2 /* WidgetKit.framework in Frameworks */ = {isa = PBXBuildFile; fileRef = BFDD42702EFB92C100D031F2 /* WidgetKit.framework */; };
		BFDD42732EFB92C100D031F2 /* SwiftUI.framework in Frameworks */ = {isa = PBXBuildFile; fileRef = BFDD42722EFB92C100D031F2 /* SwiftUI.framework */; };
		BFDD427E2EFB92C200D031F2 /* Smile4MeWidgetExtension.appex in Embed Foundation Extensions */ = {isa = PBXBuildFile; fileRef = BFDD426E2EFB92C100D031F2 /* Smile4MeWidgetExtension.appex */; settings = {ATTRIBUTES = (RemoveHeadersOnCopy, ); }; };
/* End PBXBuildFile section */

/* Begin PBXContainerItemProxy section */
		BF3BFCF92EFCD69000D253F6 /* PBXContainerItemProxy */ = {
			isa = PBXContainerItemProxy;
			containerPortal = BF937C1B2EF954AE00FC0916 /* Project object */;
			proxyType = 1;
			remoteGlobalIDString = BF3BFCF02EFCD68F00D253F6;
			remoteInfo = "Smile4MeWatchOS Watch App";
		};
		BF3BFD192EFCE11900D253F6 /* PBXContainerItemProxy */ = {
			isa = PBXContainerItemProxy;
			containerPortal = BF937C1B2EF954AE00FC0916 /* Project object */;
			proxyType = 1;
			remoteGlobalIDString = BF3BFD0D2EFCE11700D253F6;
			remoteInfo = "Smile4MeWatchOS LauncherExtension";
		};
		BFDD427C2EFB92C200D031F2 /* PBXContainerItemProxy */ = {
			isa = PBXContainerItemProxy;
			containerPortal = BF937C1B2EF954AE00FC0916 /* Project object */;
			proxyType = 1;
			remoteGlobalIDString = BFDD426D2EFB92C100D031F2;
			remoteInfo = Smile4MeWidgetExtension;
		};
/* End PBXContainerItemProxy section */

/* Begin PBXCopyFilesBuildPhase section */
		BF3BFCFC2EFCD69000D253F6 /* Embed Watch Content */ = {
			isa = PBXCopyFilesBuildPhase;
			buildActionMask = 2147483647;
			dstPath = "$(CONTENTS_FOLDER_PATH)/Watch";
			dstSubfolderSpec = 16;
			files = (
				BF3BFCFB2EFCD69000D253F6 /* Smile4MeWatchOS Watch App.app in Embed Watch Content */,
			);
			name = "Embed Watch Content";
			runOnlyForDeploymentPostprocessing = 0;
		};
		BF3BFD202EFCE11900D253F6 /* Embed Foundation Extensions */ = {
			isa = PBXCopyFilesBuildPhase;
			buildActionMask = 2147483647;
			dstPath = "";
			dstSubfolderSpec = 13;
			files = (
				BF3BFD1B2EFCE11900D253F6 /* Smile4MeWatchOS LauncherExtension.appex in Embed Foundation Extensions */,
			);
			name = "Embed Foundation Extensions";
			runOnlyForDeploymentPostprocessing = 0;
		};
		BFDD427F2EFB92C200D031F2 /* Embed Foundation Extensions */ = {
			isa = PBXCopyFilesBuildPhase;
			buildActionMask = 2147483647;
			dstPath = "";
			dstSubfolderSpec = 13;
			files = (
				BFDD427E2EFB92C200D031F2 /* Smile4MeWidgetExtension.appex in Embed Foundation Extensions */,
			);
			name = "Embed Foundation Extensions";
			runOnlyForDeploymentPostprocessing = 0;
		};
/* End PBXCopyFilesBuildPhase section */

/* Begin PBXFileReference section */
		BF3BFCF12EFCD68F00D253F6 /* Smile4MeWatchOS Watch App.app */ = {isa = PBXFileReference; explicitFileType = wrapper.application; includeInIndex = 0; path = "Smile4MeWatchOS Watch App.app"; sourceTree = BUILT_PRODUCTS_DIR; };
		BF3BFD0E2EFCE11700D253F6 /* Smile4MeWatchOS LauncherExtension.appex */ = {isa = PBXFileReference; explicitFileType = "wrapper.app-extension"; includeInIndex = 0; path = "Smile4MeWatchOS LauncherExtension.appex"; sourceTree = BUILT_PRODUCTS_DIR; };
		BF937C232EF954AE00FC0916 /* Smile4Me.app */ = {isa = PBXFileReference; explicitFileType = wrapper.application; includeInIndex = 0; path = Smile4Me.app; sourceTree = BUILT_PRODUCTS_DIR; };
		BF9DCD612EFA47E2004EFB1E /* Smile4MeiOS.app */ = {isa = PBXFileReference; explicitFileType = wrapper.application; includeInIndex = 0; path = Smile4MeiOS.app; sourceTree = BUILT_PRODUCTS_DIR; };
		BFDD426E2EFB92C100D031F2 /* Smile4MeWidgetExtension.appex */ = {isa = PBXFileReference; explicitFileType = "wrapper.app-extension"; includeInIndex = 0; path = Smile4MeWidgetExtension.appex; sourceTree = BUILT_PRODUCTS_DIR; };
		BFDD42702EFB92C100D031F2 /* WidgetKit.framework */ = {isa = PBXFileReference; lastKnownFileType = wrapper.framework; name = WidgetKit.framework; path = System/Library/Frameworks/WidgetKit.framework; sourceTree = SDKROOT; };
		BFDD42722EFB92C100D031F2 /* SwiftUI.framework */ = {isa = PBXFileReference; lastKnownFileType = wrapper.framework; name = SwiftUI.framework; path = System/Library/Frameworks/SwiftUI.framework; sourceTree = SDKROOT; };
/* End PBXFileReference section */

/* Begin PBXFileSystemSynchronizedBuildFileExceptionSet section */
		BF168FF72EFBD87A009D7BC8 /* Exceptions for "Smile4MeiOS" folder in "Smile4Me" target */ = {
			isa = PBXFileSystemSynchronizedBuildFileExceptionSet;
			membershipExceptions = (
				Router.swift,
			);
			target = BF937C222EF954AE00FC0916 /* Smile4Me */;
		};
		BF3BFD012EFCDA9600D253F6 /* Exceptions for "Smile4Me" folder in "Smile4MeWatchOS Watch App" target */ = {
			isa = PBXFileSystemSynchronizedBuildFileExceptionSet;
			membershipExceptions = (
				Models/Joke.swift,
				"Services and Managers/APIService.swift",
				"Services and Managers/JokeManager.swift",
			);
			target = BF3BFCF02EFCD68F00D253F6 /* Smile4MeWatchOS Watch App */;
		};
		BF3BFD052EFCDABC00D253F6 /* Exceptions for "Smile4MeiOS" folder in "Smile4MeWatchOS Watch App" target */ = {
			isa = PBXFileSystemSynchronizedBuildFileExceptionSet;
			membershipExceptions = (
				"Info Tab/Info.swift",
			);
			target = BF3BFCF02EFCD68F00D253F6 /* Smile4MeWatchOS Watch App */;
		};
		BF3BFD1F2EFCE11900D253F6 /* Exceptions for "Smile4MeWatchOS Launcher" folder in "Smile4MeWatchOS LauncherExtension" target */ = {
			isa = PBXFileSystemSynchronizedBuildFileExceptionSet;
			membershipExceptions = (
				Info.plist,
			);
			target = BF3BFD0D2EFCE11700D253F6 /* Smile4MeWatchOS LauncherExtension */;
		};
		BF9DCD712EFA4B20004EFB1E /* Exceptions for "Smile4MeiOS" folder in "Smile4MeiOS" target */ = {
			isa = PBXFileSystemSynchronizedBuildFileExceptionSet;
			membershipExceptions = (
				Info.plist,
			);
			target = BF9DCD602EFA47E2004EFB1E /* Smile4MeiOS */;
		};
		BF9DCD752EFA4CE5004EFB1E /* Exceptions for "Smile4Me" folder in "Smile4MeiOS" target */ = {
			isa = PBXFileSystemSynchronizedBuildFileExceptionSet;
			membershipExceptions = (
				Models/Joke.swift,
				"Services and Managers/APIService.swift",
				"Services and Managers/JokeManager.swift",
				Views/JokeContentView.swift,
				Views/JokeView.swift,
			);
			target = BF9DCD602EFA47E2004EFB1E /* Smile4MeiOS */;
		};
		BFDD42832EFB92C200D031F2 /* Exceptions for "Smile4MeWidget" folder in "Smile4MeWidgetExtension" target */ = {
			isa = PBXFileSystemSynchronizedBuildFileExceptionSet;
			membershipExceptions = (
				Info.plist,
			);
			target = BFDD426D2EFB92C100D031F2 /* Smile4MeWidgetExtension */;
		};
		BFDD42852EFB954200D031F2 /* Exceptions for "Smile4Me" folder in "Smile4MeWidgetExtension" target */ = {
			isa = PBXFileSystemSynchronizedBuildFileExceptionSet;
			membershipExceptions = (
				Models/Joke.swift,
				"Services and Managers/APIService.swift",
				"Services and Managers/JokeManager.swift",
			);
			target = BFDD426D2EFB92C100D031F2 /* Smile4MeWidgetExtension */;
		};
		BFDD42952EFB9B2E00D031F2 /* Exceptions for "Smile4MeiOS" folder in "Smile4MeWidgetExtension" target */ = {
			isa = PBXFileSystemSynchronizedBuildFileExceptionSet;
			membershipExceptions = (
				"Info Tab/Info.swift",
			);
			target = BFDD426D2EFB92C100D031F2 /* Smile4MeWidgetExtension */;
		};
/* End PBXFileSystemSynchronizedBuildFileExceptionSet section */

/* Begin PBXFileSystemSynchronizedRootGroup section */
		BF3BFCF22EFCD68F00D253F6 /* Smile4MeWatchOS Watch App */ = {
			isa = PBXFileSystemSynchronizedRootGroup;
			path = "Smile4MeWatchOS Watch App";
			sourceTree = "<group>";
		};
		BF3BFD112EFCE11700D253F6 /* Smile4MeWatchOS Launcher */ = {
			isa = PBXFileSystemSynchronizedRootGroup;
			exceptions = (
				BF3BFD1F2EFCE11900D253F6 /* Exceptions for "Smile4MeWatchOS Launcher" folder in "Smile4MeWatchOS LauncherExtension" target */,
			);
			path = "Smile4MeWatchOS Launcher";
			sourceTree = "<group>";
		};
		BF937C252EF954AE00FC0916 /* Smile4Me */ = {
			isa = PBXFileSystemSynchronizedRootGroup;
			exceptions = (
				BF9DCD752EFA4CE5004EFB1E /* Exceptions for "Smile4Me" folder in "Smile4MeiOS" target */,
				BFDD42852EFB954200D031F2 /* Exceptions for "Smile4Me" folder in "Smile4MeWidgetExtension" target */,
				BF3BFD012EFCDA9600D253F6 /* Exceptions for "Smile4Me" folder in "Smile4MeWatchOS Watch App" target */,
			);
			path = Smile4Me;
			sourceTree = "<group>";
		};
		BF9DCD622EFA47E2004EFB1E /* Smile4MeiOS */ = {
			isa = PBXFileSystemSynchronizedRootGroup;
			exceptions = (
				BF168FF72EFBD87A009D7BC8 /* Exceptions for "Smile4MeiOS" folder in "Smile4Me" target */,
				BF9DCD712EFA4B20004EFB1E /* Exceptions for "Smile4MeiOS" folder in "Smile4MeiOS" target */,
				BFDD42952EFB9B2E00D031F2 /* Exceptions for "Smile4MeiOS" folder in "Smile4MeWidgetExtension" target */,
				BF3BFD052EFCDABC00D253F6 /* Exceptions for "Smile4MeiOS" folder in "Smile4MeWatchOS Watch App" target */,
			);
			path = Smile4MeiOS;
			sourceTree = "<group>";
		};
		BFDD42742EFB92C100D031F2 /* Smile4MeWidget */ = {
			isa = PBXFileSystemSynchronizedRootGroup;
			exceptions = (
				BFDD42832EFB92C200D031F2 /* Exceptions for "Smile4MeWidget" folder in "Smile4MeWidgetExtension" target */,
			);
			path = Smile4MeWidget;
			sourceTree = "<group>";
		};
/* End PBXFileSystemSynchronizedRootGroup section */

/* Begin PBXFrameworksBuildPhase section */
		BF3BFCEE2EFCD68F00D253F6 /* Frameworks */ = {
			isa = PBXFrameworksBuildPhase;
			buildActionMask = 2147483647;
			files = (
			);
			runOnlyForDeploymentPostprocessing = 0;
		};
		BF3BFD0B2EFCE11700D253F6 /* Frameworks */ = {
			isa = PBXFrameworksBuildPhase;
			buildActionMask = 2147483647;
			files = (
				BF3BFD102EFCE11700D253F6 /* SwiftUI.framework in Frameworks */,
				BF3BFD0F2EFCE11700D253F6 /* WidgetKit.framework in Frameworks */,
			);
			runOnlyForDeploymentPostprocessing = 0;
		};
		BF937C202EF954AE00FC0916 /* Frameworks */ = {
			isa = PBXFrameworksBuildPhase;
			buildActionMask = 2147483647;
			files = (
				BF937C402EF974E700FC0916 /* LaunchAtLogin in Frameworks */,
			);
			runOnlyForDeploymentPostprocessing = 0;
		};
		BF9DCD5E2EFA47E2004EFB1E /* Frameworks */ = {
			isa = PBXFrameworksBuildPhase;
			buildActionMask = 2147483647;
			files = (
			);
			runOnlyForDeploymentPostprocessing = 0;
		};
		BFDD426B2EFB92C100D031F2 /* Frameworks */ = {
			isa = PBXFrameworksBuildPhase;
			buildActionMask = 2147483647;
			files = (
				BFDD42732EFB92C100D031F2 /* SwiftUI.framework in Frameworks */,
				BFDD42712EFB92C100D031F2 /* WidgetKit.framework in Frameworks */,
			);
			runOnlyForDeploymentPostprocessing = 0;
		};
/* End PBXFrameworksBuildPhase section */

/* Begin PBXGroup section */
		BF937C1A2EF954AE00FC0916 = {
			isa = PBXGroup;
			children = (
				BF937C252EF954AE00FC0916 /* Smile4Me */,
				BF9DCD622EFA47E2004EFB1E /* Smile4MeiOS */,
				BFDD42742EFB92C100D031F2 /* Smile4MeWidget */,
				BF3BFCF22EFCD68F00D253F6 /* Smile4MeWatchOS Watch App */,
				BF3BFD112EFCE11700D253F6 /* Smile4MeWatchOS Launcher */,
				BFDD426F2EFB92C100D031F2 /* Frameworks */,
				BF937C242EF954AE00FC0916 /* Products */,
			);
			sourceTree = "<group>";
		};
		BF937C242EF954AE00FC0916 /* Products */ = {
			isa = PBXGroup;
			children = (
				BF937C232EF954AE00FC0916 /* Smile4Me.app */,
				BF9DCD612EFA47E2004EFB1E /* Smile4MeiOS.app */,
				BFDD426E2EFB92C100D031F2 /* Smile4MeWidgetExtension.appex */,
				BF3BFCF12EFCD68F00D253F6 /* Smile4MeWatchOS Watch App.app */,
				BF3BFD0E2EFCE11700D253F6 /* Smile4MeWatchOS LauncherExtension.appex */,
			);
			name = Products;
			sourceTree = "<group>";
		};
		BFDD426F2EFB92C100D031F2 /* Frameworks */ = {
			isa = PBXGroup;
			children = (
				BFDD42702EFB92C100D031F2 /* WidgetKit.framework */,
				BFDD42722EFB92C100D031F2 /* SwiftUI.framework */,
			);
			name = Frameworks;
			sourceTree = "<group>";
		};
/* End PBXGroup section */

/* Begin PBXNativeTarget section */
		BF3BFCF02EFCD68F00D253F6 /* Smile4MeWatchOS Watch App */ = {
			isa = PBXNativeTarget;
			buildConfigurationList = BF3BFCFF2EFCD69000D253F6 /* Build configuration list for PBXNativeTarget "Smile4MeWatchOS Watch App" */;
			buildPhases = (
				BF3BFCED2EFCD68F00D253F6 /* Sources */,
				BF3BFCEE2EFCD68F00D253F6 /* Frameworks */,
				BF3BFCEF2EFCD68F00D253F6 /* Resources */,
				BF3BFD202EFCE11900D253F6 /* Embed Foundation Extensions */,
			);
			buildRules = (
			);
			dependencies = (
				BF3BFD1A2EFCE11900D253F6 /* PBXTargetDependency */,
			);
			fileSystemSynchronizedGroups = (
				BF3BFCF22EFCD68F00D253F6 /* Smile4MeWatchOS Watch App */,
			);
			name = "Smile4MeWatchOS Watch App";
			packageProductDependencies = (
			);
			productName = "Smile4MeWatchOS Watch App";
			productReference = BF3BFCF12EFCD68F00D253F6 /* Smile4MeWatchOS Watch App.app */;
			productType = "com.apple.product-type.application";
		};
		BF3BFD0D2EFCE11700D253F6 /* Smile4MeWatchOS LauncherExtension */ = {
			isa = PBXNativeTarget;
			buildConfigurationList = BF3BFD1C2EFCE11900D253F6 /* Build configuration list for PBXNativeTarget "Smile4MeWatchOS LauncherExtension" */;
			buildPhases = (
				BF3BFD0A2EFCE11700D253F6 /* Sources */,
				BF3BFD0B2EFCE11700D253F6 /* Frameworks */,
				BF3BFD0C2EFCE11700D253F6 /* Resources */,
			);
			buildRules = (
			);
			dependencies = (
			);
			fileSystemSynchronizedGroups = (
				BF3BFD112EFCE11700D253F6 /* Smile4MeWatchOS Launcher */,
			);
			name = "Smile4MeWatchOS LauncherExtension";
			packageProductDependencies = (
			);
			productName = "Smile4MeWatchOS LauncherExtension";
			productReference = BF3BFD0E2EFCE11700D253F6 /* Smile4MeWatchOS LauncherExtension.appex */;
			productType = "com.apple.product-type.app-extension";
		};
		BF937C222EF954AE00FC0916 /* Smile4Me */ = {
			isa = PBXNativeTarget;
			buildConfigurationList = BF937C2E2EF954B000FC0916 /* Build configuration list for PBXNativeTarget "Smile4Me" */;
			buildPhases = (
				BF937C1F2EF954AE00FC0916 /* Sources */,
				BF937C202EF954AE00FC0916 /* Frameworks */,
				BF937C212EF954AE00FC0916 /* Resources */,
			);
			buildRules = (
			);
			dependencies = (
			);
			fileSystemSynchronizedGroups = (
				BF937C252EF954AE00FC0916 /* Smile4Me */,
			);
			name = Smile4Me;
			packageProductDependencies = (
				BF937C3F2EF974E700FC0916 /* LaunchAtLogin */,
			);
			productName = Smile4Me;
			productReference = BF937C232EF954AE00FC0916 /* Smile4Me.app */;
			productType = "com.apple.product-type.application";
		};
		BF9DCD602EFA47E2004EFB1E /* Smile4MeiOS */ = {
			isa = PBXNativeTarget;
			buildConfigurationList = BF9DCD6B2EFA47E3004EFB1E /* Build configuration list for PBXNativeTarget "Smile4MeiOS" */;
			buildPhases = (
				BF9DCD5D2EFA47E2004EFB1E /* Sources */,
				BF9DCD5E2EFA47E2004EFB1E /* Frameworks */,
				BF9DCD5F2EFA47E2004EFB1E /* Resources */,
				BFDD427F2EFB92C200D031F2 /* Embed Foundation Extensions */,
				BF3BFCFC2EFCD69000D253F6 /* Embed Watch Content */,
			);
			buildRules = (
			);
			dependencies = (
				BFDD427D2EFB92C200D031F2 /* PBXTargetDependency */,
				BF3BFCFA2EFCD69000D253F6 /* PBXTargetDependency */,
			);
			fileSystemSynchronizedGroups = (
				BF9DCD622EFA47E2004EFB1E /* Smile4MeiOS */,
			);
			name = Smile4MeiOS;
			packageProductDependencies = (
			);
			productName = Smile4MeiOS;
			productReference = BF9DCD612EFA47E2004EFB1E /* Smile4MeiOS.app */;
			productType = "com.apple.product-type.application";
		};
		BFDD426D2EFB92C100D031F2 /* Smile4MeWidgetExtension */ = {
			isa = PBXNativeTarget;
			buildConfigurationList = BFDD42822EFB92C200D031F2 /* Build configuration list for PBXNativeTarget "Smile4MeWidgetExtension" */;
			buildPhases = (
				BFDD426A2EFB92C100D031F2 /* Sources */,
				BFDD426B2EFB92C100D031F2 /* Frameworks */,
				BFDD426C2EFB92C100D031F2 /* Resources */,
			);
			buildRules = (
			);
			dependencies = (
			);
			fileSystemSynchronizedGroups = (
				BFDD42742EFB92C100D031F2 /* Smile4MeWidget */,
			);
			name = Smile4MeWidgetExtension;
			packageProductDependencies = (
			);
			productName = Smile4MeWidgetExtension;
			productReference = BFDD426E2EFB92C100D031F2 /* Smile4MeWidgetExtension.appex */;
			productType = "com.apple.product-type.app-extension";
		};
/* End PBXNativeTarget section */

/* Begin PBXProject section */
		BF937C1B2EF954AE00FC0916 /* Project object */ = {
			isa = PBXProject;
			attributes = {
				BuildIndependentTargetsInParallel = 1;
				LastSwiftUpdateCheck = 2610;
				LastUpgradeCheck = 2610;
				TargetAttributes = {
					BF3BFCF02EFCD68F00D253F6 = {
						CreatedOnToolsVersion = 26.1.1;
					};
					BF3BFD0D2EFCE11700D253F6 = {
						CreatedOnToolsVersion = 26.1.1;
					};
					BF937C222EF954AE00FC0916 = {
						CreatedOnToolsVersion = 26.1.1;
					};
					BF9DCD602EFA47E2004EFB1E = {
						CreatedOnToolsVersion = 26.1.1;
					};
					BFDD426D2EFB92C100D031F2 = {
						CreatedOnToolsVersion = 26.1.1;
					};
				};
			};
			buildConfigurationList = BF937C1E2EF954AE00FC0916 /* Build configuration list for PBXProject "Smile4Me" */;
			developmentRegion = en;
			hasScannedForEncodings = 0;
			knownRegions = (
				en,
				Base,
			);
			mainGroup = BF937C1A2EF954AE00FC0916;
			minimizedProjectReferenceProxies = 1;
			packageReferences = (
				BF937C3E2EF974E700FC0916 /* XCRemoteSwiftPackageReference "LaunchAtLogin-Modern" */,
			);
			preferredProjectObjectVersion = 77;
			productRefGroup = BF937C242EF954AE00FC0916 /* Products */;
			projectDirPath = "";
			projectRoot = "";
			targets = (
				BF937C222EF954AE00FC0916 /* Smile4Me */,
				BF9DCD602EFA47E2004EFB1E /* Smile4MeiOS */,
				BFDD426D2EFB92C100D031F2 /* Smile4MeWidgetExtension */,
				BF3BFCF02EFCD68F00D253F6 /* Smile4MeWatchOS Watch App */,
				BF3BFD0D2EFCE11700D253F6 /* Smile4MeWatchOS LauncherExtension */,
			);
		};
/* End PBXProject section */

/* Begin PBXResourcesBuildPhase section */
		BF3BFCEF2EFCD68F00D253F6 /* Resources */ = {
			isa = PBXResourcesBuildPhase;
			buildActionMask = 2147483647;
			files = (
			);
			runOnlyForDeploymentPostprocessing = 0;
		};
		BF3BFD0C2EFCE11700D253F6 /* Resources */ = {
			isa = PBXResourcesBuildPhase;
			buildActionMask = 2147483647;
			files = (
			);
			runOnlyForDeploymentPostprocessing = 0;
		};
		BF937C212EF954AE00FC0916 /* Resources */ = {
			isa = PBXResourcesBuildPhase;
			buildActionMask = 2147483647;
			files = (
			);
			runOnlyForDeploymentPostprocessing = 0;
		};
		BF9DCD5F2EFA47E2004EFB1E /* Resources */ = {
			isa = PBXResourcesBuildPhase;
			buildActionMask = 2147483647;
			files = (
			);
			runOnlyForDeploymentPostprocessing = 0;
		};
		BFDD426C2EFB92C100D031F2 /* Resources */ = {
			isa = PBXResourcesBuildPhase;
			buildActionMask = 2147483647;
			files = (
			);
			runOnlyForDeploymentPostprocessing = 0;
		};
/* End PBXResourcesBuildPhase section */

/* Begin PBXSourcesBuildPhase section */
		BF3BFCED2EFCD68F00D253F6 /* Sources */ = {
			isa = PBXSourcesBuildPhase;
			buildActionMask = 2147483647;
			files = (
			);
			runOnlyForDeploymentPostprocessing = 0;
		};
		BF3BFD0A2EFCE11700D253F6 /* Sources */ = {
			isa = PBXSourcesBuildPhase;
			buildActionMask = 2147483647;
			files = (
			);
			runOnlyForDeploymentPostprocessing = 0;
		};
		BF937C1F2EF954AE00FC0916 /* Sources */ = {
			isa = PBXSourcesBuildPhase;
			buildActionMask = 2147483647;
			files = (
			);
			runOnlyForDeploymentPostprocessing = 0;
		};
		BF9DCD5D2EFA47E2004EFB1E /* Sources */ = {
			isa = PBXSourcesBuildPhase;
			buildActionMask = 2147483647;
			files = (
			);
			runOnlyForDeploymentPostprocessing = 0;
		};
		BFDD426A2EFB92C100D031F2 /* Sources */ = {
			isa = PBXSourcesBuildPhase;
			buildActionMask = 2147483647;
			files = (
			);
			runOnlyForDeploymentPostprocessing = 0;
		};
/* End PBXSourcesBuildPhase section */

/* Begin PBXTargetDependency section */
		BF3BFCFA2EFCD69000D253F6 /* PBXTargetDependency */ = {
			isa = PBXTargetDependency;
			target = BF3BFCF02EFCD68F00D253F6 /* Smile4MeWatchOS Watch App */;
			targetProxy = BF3BFCF92EFCD69000D253F6 /* PBXContainerItemProxy */;
		};
		BF3BFD1A2EFCE11900D253F6 /* PBXTargetDependency */ = {
			isa = PBXTargetDependency;
			target = BF3BFD0D2EFCE11700D253F6 /* Smile4MeWatchOS LauncherExtension */;
			targetProxy = BF3BFD192EFCE11900D253F6 /* PBXContainerItemProxy */;
		};
		BFDD427D2EFB92C200D031F2 /* PBXTargetDependency */ = {
			isa = PBXTargetDependency;
			target = BFDD426D2EFB92C100D031F2 /* Smile4MeWidgetExtension */;
			targetProxy = BFDD427C2EFB92C200D031F2 /* PBXContainerItemProxy */;
		};
/* End PBXTargetDependency section */

/* Begin XCBuildConfiguration section */
		BF3BFCFD2EFCD69000D253F6 /* Debug */ = {
			isa = XCBuildConfiguration;
			buildSettings = {
				ASSETCATALOG_COMPILER_APPICON_NAME = AppIcon;
				ASSETCATALOG_COMPILER_GLOBAL_ACCENT_COLOR_NAME = AccentColor;
				CODE_SIGN_STYLE = Automatic;
				CURRENT_PROJECT_VERSION = 1;
				DEVELOPMENT_TEAM = T9MD4URZFH;
				ENABLE_PREVIEWS = YES;
				GENERATE_INFOPLIST_FILE = YES;
				INFOPLIST_KEY_CFBundleDisplayName = Smile4Me;
				INFOPLIST_KEY_UISupportedInterfaceOrientations = "UIInterfaceOrientationPortrait UIInterfaceOrientationPortraitUpsideDown";
				INFOPLIST_KEY_WKCompanionAppBundleIdentifier = com.superkookai.Smile4Me;
				LD_RUNPATH_SEARCH_PATHS = (
					"$(inherited)",
					"@executable_path/Frameworks",
				);
				MARKETING_VERSION = 1.0;
				PRODUCT_BUNDLE_IDENTIFIER = com.superkookai.Smile4Me.watchkitapp;
				PRODUCT_NAME = "$(TARGET_NAME)";
				SDKROOT = watchos;
				SKIP_INSTALL = YES;
				STRING_CATALOG_GENERATE_SYMBOLS = YES;
				SWIFT_APPROACHABLE_CONCURRENCY = YES;
				SWIFT_DEFAULT_ACTOR_ISOLATION = MainActor;
				SWIFT_EMIT_LOC_STRINGS = YES;
				SWIFT_UPCOMING_FEATURE_MEMBER_IMPORT_VISIBILITY = YES;
				SWIFT_VERSION = 5.0;
				TARGETED_DEVICE_FAMILY = 4;
				WATCHOS_DEPLOYMENT_TARGET = 11.6;
			};
			name = Debug;
		};
		BF3BFCFE2EFCD69000D253F6 /* Release */ = {
			isa = XCBuildConfiguration;
			buildSettings = {
				ASSETCATALOG_COMPILER_APPICON_NAME = AppIcon;
				ASSETCATALOG_COMPILER_GLOBAL_ACCENT_COLOR_NAME = AccentColor;
				CODE_SIGN_STYLE = Automatic;
				CURRENT_PROJECT_VERSION = 1;
				DEVELOPMENT_TEAM = T9MD4URZFH;
				ENABLE_PREVIEWS = YES;
				GENERATE_INFOPLIST_FILE = YES;
				INFOPLIST_KEY_CFBundleDisplayName = Smile4Me;
				INFOPLIST_KEY_UISupportedInterfaceOrientations = "UIInterfaceOrientationPortrait UIInterfaceOrientationPortraitUpsideDown";
				INFOPLIST_KEY_WKCompanionAppBundleIdentifier = com.superkookai.Smile4Me;
				LD_RUNPATH_SEARCH_PATHS = (
					"$(inherited)",
					"@executable_path/Frameworks",
				);
				MARKETING_VERSION = 1.0;
				PRODUCT_BUNDLE_IDENTIFIER = com.superkookai.Smile4Me.watchkitapp;
				PRODUCT_NAME = "$(TARGET_NAME)";
				SDKROOT = watchos;
				SKIP_INSTALL = YES;
				STRING_CATALOG_GENERATE_SYMBOLS = YES;
				SWIFT_APPROACHABLE_CONCURRENCY = YES;
				SWIFT_DEFAULT_ACTOR_ISOLATION = MainActor;
				SWIFT_EMIT_LOC_STRINGS = YES;
				SWIFT_UPCOMING_FEATURE_MEMBER_IMPORT_VISIBILITY = YES;
				SWIFT_VERSION = 5.0;
				TARGETED_DEVICE_FAMILY = 4;
				VALIDATE_PRODUCT = YES;
				WATCHOS_DEPLOYMENT_TARGET = 11.6;
			};
			name = Release;
		};
		BF3BFD1D2EFCE11900D253F6 /* Debug */ = {
			isa = XCBuildConfiguration;
			buildSettings = {
				ASSETCATALOG_COMPILER_GLOBAL_ACCENT_COLOR_NAME = AccentColor;
				ASSETCATALOG_COMPILER_WIDGET_BACKGROUND_COLOR_NAME = WidgetBackground;
				CODE_SIGN_STYLE = Automatic;
				CURRENT_PROJECT_VERSION = 1;
				DEVELOPMENT_TEAM = T9MD4URZFH;
				GENERATE_INFOPLIST_FILE = YES;
				INFOPLIST_FILE = "Smile4MeWatchOS Launcher/Info.plist";
				INFOPLIST_KEY_CFBundleDisplayName = "Smile4MeWatchOS Launcher";
				INFOPLIST_KEY_NSHumanReadableCopyright = "";
				LD_RUNPATH_SEARCH_PATHS = (
					"$(inherited)",
					"@executable_path/Frameworks",
					"@executable_path/../../Frameworks",
					"@executable_path/../../../../Frameworks",
				);
				MARKETING_VERSION = 1.0;
				PRODUCT_BUNDLE_IDENTIFIER = "com.superkookai.Smile4Me.watchkitapp.Smile4MeWatchOS-Launcher";
				PRODUCT_NAME = "$(TARGET_NAME)";
				SDKROOT = watchos;
				SKIP_INSTALL = YES;
				STRING_CATALOG_GENERATE_SYMBOLS = YES;
				SWIFT_APPROACHABLE_CONCURRENCY = YES;
				SWIFT_EMIT_LOC_STRINGS = YES;
				SWIFT_UPCOMING_FEATURE_MEMBER_IMPORT_VISIBILITY = YES;
				SWIFT_VERSION = 5.0;
				TARGETED_DEVICE_FAMILY = 4;
				WATCHOS_DEPLOYMENT_TARGET = 26.1;
			};
			name = Debug;
		};
		BF3BFD1E2EFCE11900D253F6 /* Release */ = {
			isa = XCBuildConfiguration;
			buildSettings = {
				ASSETCATALOG_COMPILER_GLOBAL_ACCENT_COLOR_NAME = AccentColor;
				ASSETCATALOG_COMPILER_WIDGET_BACKGROUND_COLOR_NAME = WidgetBackground;
				CODE_SIGN_STYLE = Automatic;
				CURRENT_PROJECT_VERSION = 1;
				DEVELOPMENT_TEAM = T9MD4URZFH;
				GENERATE_INFOPLIST_FILE = YES;
				INFOPLIST_FILE = "Smile4MeWatchOS Launcher/Info.plist";
				INFOPLIST_KEY_CFBundleDisplayName = "Smile4MeWatchOS Launcher";
				INFOPLIST_KEY_NSHumanReadableCopyright = "";
				LD_RUNPATH_SEARCH_PATHS = (
					"$(inherited)",
					"@executable_path/Frameworks",
					"@executable_path/../../Frameworks",
					"@executable_path/../../../../Frameworks",
				);
				MARKETING_VERSION = 1.0;
				PRODUCT_BUNDLE_IDENTIFIER = "com.superkookai.Smile4Me.watchkitapp.Smile4MeWatchOS-Launcher";
				PRODUCT_NAME = "$(TARGET_NAME)";
				SDKROOT = watchos;
				SKIP_INSTALL = YES;
				STRING_CATALOG_GENERATE_SYMBOLS = YES;
				SWIFT_APPROACHABLE_CONCURRENCY = YES;
				SWIFT_EMIT_LOC_STRINGS = YES;
				SWIFT_UPCOMING_FEATURE_MEMBER_IMPORT_VISIBILITY = YES;
				SWIFT_VERSION = 5.0;
				TARGETED_DEVICE_FAMILY = 4;
				VALIDATE_PRODUCT = YES;
				WATCHOS_DEPLOYMENT_TARGET = 26.1;
			};
			name = Release;
		};
		BF937C2C2EF954B000FC0916 /* Debug */ = {
			isa = XCBuildConfiguration;
			buildSettings = {
				ALWAYS_SEARCH_USER_PATHS = NO;
				ASSETCATALOG_COMPILER_GENERATE_SWIFT_ASSET_SYMBOL_EXTENSIONS = YES;
				CLANG_ANALYZER_NONNULL = YES;
				CLANG_ANALYZER_NUMBER_OBJECT_CONVERSION = YES_AGGRESSIVE;
				CLANG_CXX_LANGUAGE_STANDARD = "gnu++20";
				CLANG_ENABLE_MODULES = YES;
				CLANG_ENABLE_OBJC_ARC = YES;
				CLANG_ENABLE_OBJC_WEAK = YES;
				CLANG_WARN_BLOCK_CAPTURE_AUTORELEASING = YES;
				CLANG_WARN_BOOL_CONVERSION = YES;
				CLANG_WARN_COMMA = YES;
				CLANG_WARN_CONSTANT_CONVERSION = YES;
				CLANG_WARN_DEPRECATED_OBJC_IMPLEMENTATIONS = YES;
				CLANG_WARN_DIRECT_OBJC_ISA_USAGE = YES_ERROR;
				CLANG_WARN_DOCUMENTATION_COMMENTS = YES;
				CLANG_WARN_EMPTY_BODY = YES;
				CLANG_WARN_ENUM_CONVERSION = YES;
				CLANG_WARN_INFINITE_RECURSION = YES;
				CLANG_WARN_INT_CONVERSION = YES;
				CLANG_WARN_NON_LITERAL_NULL_CONVERSION = YES;
				CLANG_WARN_OBJC_IMPLICIT_RETAIN_SELF = YES;
				CLANG_WARN_OBJC_LITERAL_CONVERSION = YES;
				CLANG_WARN_OBJC_ROOT_CLASS = YES_ERROR;
				CLANG_WARN_QUOTED_INCLUDE_IN_FRAMEWORK_HEADER = YES;
				CLANG_WARN_RANGE_LOOP_ANALYSIS = YES;
				CLANG_WARN_STRICT_PROTOTYPES = YES;
				CLANG_WARN_SUSPICIOUS_MOVE = YES;
				CLANG_WARN_UNGUARDED_AVAILABILITY = YES_AGGRESSIVE;
				CLANG_WARN_UNREACHABLE_CODE = YES;
				CLANG_WARN__DUPLICATE_METHOD_MATCH = YES;
				COPY_PHASE_STRIP = NO;
				DEBUG_INFORMATION_FORMAT = dwarf;
				DEVELOPMENT_TEAM = T9MD4URZFH;
				ENABLE_STRICT_OBJC_MSGSEND = YES;
				ENABLE_TESTABILITY = YES;
				ENABLE_USER_SCRIPT_SANDBOXING = YES;
				GCC_C_LANGUAGE_STANDARD = gnu17;
				GCC_DYNAMIC_NO_PIC = NO;
				GCC_NO_COMMON_BLOCKS = YES;
				GCC_OPTIMIZATION_LEVEL = 0;
				GCC_PREPROCESSOR_DEFINITIONS = (
					"DEBUG=1",
					"$(inherited)",
				);
				GCC_WARN_64_TO_32_BIT_CONVERSION = YES;
				GCC_WARN_ABOUT_RETURN_TYPE = YES_ERROR;
				GCC_WARN_UNDECLARED_SELECTOR = YES;
				GCC_WARN_UNINITIALIZED_AUTOS = YES_AGGRESSIVE;
				GCC_WARN_UNUSED_FUNCTION = YES;
				GCC_WARN_UNUSED_VARIABLE = YES;
				LOCALIZATION_PREFERS_STRING_CATALOGS = YES;
				MACOSX_DEPLOYMENT_TARGET = 26.0;
				MTL_ENABLE_DEBUG_INFO = INCLUDE_SOURCE;
				MTL_FAST_MATH = YES;
				ONLY_ACTIVE_ARCH = YES;
				SDKROOT = macosx;
				SWIFT_ACTIVE_COMPILATION_CONDITIONS = "DEBUG $(inherited)";
				SWIFT_OPTIMIZATION_LEVEL = "-Onone";
			};
			name = Debug;
		};
		BF937C2D2EF954B000FC0916 /* Release */ = {
			isa = XCBuildConfiguration;
			buildSettings = {
				ALWAYS_SEARCH_USER_PATHS = NO;
				ASSETCATALOG_COMPILER_GENERATE_SWIFT_ASSET_SYMBOL_EXTENSIONS = YES;
				CLANG_ANALYZER_NONNULL = YES;
				CLANG_ANALYZER_NUMBER_OBJECT_CONVERSION = YES_AGGRESSIVE;
				CLANG_CXX_LANGUAGE_STANDARD = "gnu++20";
				CLANG_ENABLE_MODULES = YES;
				CLANG_ENABLE_OBJC_ARC = YES;
				CLANG_ENABLE_OBJC_WEAK = YES;
				CLANG_WARN_BLOCK_CAPTURE_AUTORELEASING = YES;
				CLANG_WARN_BOOL_CONVERSION = YES;
				CLANG_WARN_COMMA = YES;
				CLANG_WARN_CONSTANT_CONVERSION = YES;
				CLANG_WARN_DEPRECATED_OBJC_IMPLEMENTATIONS = YES;
				CLANG_WARN_DIRECT_OBJC_ISA_USAGE = YES_ERROR;
				CLANG_WARN_DOCUMENTATION_COMMENTS = YES;
				CLANG_WARN_EMPTY_BODY = YES;
				CLANG_WARN_ENUM_CONVERSION = YES;
				CLANG_WARN_INFINITE_RECURSION = YES;
				CLANG_WARN_INT_CONVERSION = YES;
				CLANG_WARN_NON_LITERAL_NULL_CONVERSION = YES;
				CLANG_WARN_OBJC_IMPLICIT_RETAIN_SELF = YES;
				CLANG_WARN_OBJC_LITERAL_CONVERSION = YES;
				CLANG_WARN_OBJC_ROOT_CLASS = YES_ERROR;
				CLANG_WARN_QUOTED_INCLUDE_IN_FRAMEWORK_HEADER = YES;
				CLANG_WARN_RANGE_LOOP_ANALYSIS = YES;
				CLANG_WARN_STRICT_PROTOTYPES = YES;
				CLANG_WARN_SUSPICIOUS_MOVE = YES;
				CLANG_WARN_UNGUARDED_AVAILABILITY = YES_AGGRESSIVE;
				CLANG_WARN_UNREACHABLE_CODE = YES;
				CLANG_WARN__DUPLICATE_METHOD_MATCH = YES;
				COPY_PHASE_STRIP = NO;
				DEBUG_INFORMATION_FORMAT = "dwarf-with-dsym";
				DEVELOPMENT_TEAM = T9MD4URZFH;
				ENABLE_NS_ASSERTIONS = NO;
				ENABLE_STRICT_OBJC_MSGSEND = YES;
				ENABLE_USER_SCRIPT_SANDBOXING = YES;
				GCC_C_LANGUAGE_STANDARD = gnu17;
				GCC_NO_COMMON_BLOCKS = YES;
				GCC_WARN_64_TO_32_BIT_CONVERSION = YES;
				GCC_WARN_ABOUT_RETURN_TYPE = YES_ERROR;
				GCC_WARN_UNDECLARED_SELECTOR = YES;
				GCC_WARN_UNINITIALIZED_AUTOS = YES_AGGRESSIVE;
				GCC_WARN_UNUSED_FUNCTION = YES;
				GCC_WARN_UNUSED_VARIABLE = YES;
				LOCALIZATION_PREFERS_STRING_CATALOGS = YES;
				MACOSX_DEPLOYMENT_TARGET = 26.0;
				MTL_ENABLE_DEBUG_INFO = NO;
				MTL_FAST_MATH = YES;
				SDKROOT = macosx;
				SWIFT_COMPILATION_MODE = wholemodule;
			};
			name = Release;
		};
		BF937C2F2EF954B000FC0916 /* Debug */ = {
			isa = XCBuildConfiguration;
			buildSettings = {
				ASSETCATALOG_COMPILER_APPICON_NAME = AppIcon;
				ASSETCATALOG_COMPILER_GLOBAL_ACCENT_COLOR_NAME = AccentColor;
				CODE_SIGN_STYLE = Automatic;
				COMBINE_HIDPI_IMAGES = YES;
				CURRENT_PROJECT_VERSION = 1;
				DEVELOPMENT_TEAM = T9MD4URZFH;
				ENABLE_APP_SANDBOX = YES;
				ENABLE_HARDENED_RUNTIME = YES;
				ENABLE_INCOMING_NETWORK_CONNECTIONS = NO;
				ENABLE_OUTGOING_NETWORK_CONNECTIONS = YES;
				ENABLE_PREVIEWS = YES;
				ENABLE_RESOURCE_ACCESS_AUDIO_INPUT = NO;
				ENABLE_RESOURCE_ACCESS_BLUETOOTH = NO;
				ENABLE_RESOURCE_ACCESS_CALENDARS = NO;
				ENABLE_RESOURCE_ACCESS_CAMERA = NO;
				ENABLE_RESOURCE_ACCESS_CONTACTS = NO;
				ENABLE_RESOURCE_ACCESS_LOCATION = NO;
				ENABLE_RESOURCE_ACCESS_PRINTING = NO;
				ENABLE_RESOURCE_ACCESS_USB = NO;
				ENABLE_USER_SELECTED_FILES = readonly;
				GENERATE_INFOPLIST_FILE = YES;
				INFOPLIST_KEY_LSApplicationCategoryType = "public.app-category.entertainment";
				INFOPLIST_KEY_LSUIElement = YES;
				INFOPLIST_KEY_NSHumanReadableCopyright = "";
				LD_RUNPATH_SEARCH_PATHS = (
					"$(inherited)",
					"@executable_path/../Frameworks",
				);
				MARKETING_VERSION = 1.0;
				PRODUCT_BUNDLE_IDENTIFIER = com.superkookai.Smile4Me;
				PRODUCT_NAME = "$(TARGET_NAME)";
				REGISTER_APP_GROUPS = YES;
				STRING_CATALOG_GENERATE_SYMBOLS = YES;
				SWIFT_APPROACHABLE_CONCURRENCY = YES;
				SWIFT_DEFAULT_ACTOR_ISOLATION = MainActor;
				SWIFT_EMIT_LOC_STRINGS = YES;
				SWIFT_UPCOMING_FEATURE_MEMBER_IMPORT_VISIBILITY = YES;
				SWIFT_VERSION = 5.0;
			};
			name = Debug;
		};
		BF937C302EF954B000FC0916 /* Release */ = {
			isa = XCBuildConfiguration;
			buildSettings = {
				ASSETCATALOG_COMPILER_APPICON_NAME = AppIcon;
				ASSETCATALOG_COMPILER_GLOBAL_ACCENT_COLOR_NAME = AccentColor;
				CODE_SIGN_STYLE = Automatic;
				COMBINE_HIDPI_IMAGES = YES;
				CURRENT_PROJECT_VERSION = 1;
				DEVELOPMENT_TEAM = T9MD4URZFH;
				ENABLE_APP_SANDBOX = YES;
				ENABLE_HARDENED_RUNTIME = YES;
				ENABLE_INCOMING_NETWORK_CONNECTIONS = NO;
				ENABLE_OUTGOING_NETWORK_CONNECTIONS = YES;
				ENABLE_PREVIEWS = YES;
				ENABLE_RESOURCE_ACCESS_AUDIO_INPUT = NO;
				ENABLE_RESOURCE_ACCESS_BLUETOOTH = NO;
				ENABLE_RESOURCE_ACCESS_CALENDARS = NO;
				ENABLE_RESOURCE_ACCESS_CAMERA = NO;
				ENABLE_RESOURCE_ACCESS_CONTACTS = NO;
				ENABLE_RESOURCE_ACCESS_LOCATION = NO;
				ENABLE_RESOURCE_ACCESS_PRINTING = NO;
				ENABLE_RESOURCE_ACCESS_USB = NO;
				ENABLE_USER_SELECTED_FILES = readonly;
				GENERATE_INFOPLIST_FILE = YES;
				INFOPLIST_KEY_LSApplicationCategoryType = "public.app-category.entertainment";
				INFOPLIST_KEY_LSUIElement = YES;
				INFOPLIST_KEY_NSHumanReadableCopyright = "";
				LD_RUNPATH_SEARCH_PATHS = (
					"$(inherited)",
					"@executable_path/../Frameworks",
				);
				MARKETING_VERSION = 1.0;
				PRODUCT_BUNDLE_IDENTIFIER = com.superkookai.Smile4Me;
				PRODUCT_NAME = "$(TARGET_NAME)";
				REGISTER_APP_GROUPS = YES;
				STRING_CATALOG_GENERATE_SYMBOLS = YES;
				SWIFT_APPROACHABLE_CONCURRENCY = YES;
				SWIFT_DEFAULT_ACTOR_ISOLATION = MainActor;
				SWIFT_EMIT_LOC_STRINGS = YES;
				SWIFT_UPCOMING_FEATURE_MEMBER_IMPORT_VISIBILITY = YES;
				SWIFT_VERSION = 5.0;
			};
			name = Release;
		};
		BF9DCD692EFA47E3004EFB1E /* Debug */ = {
			isa = XCBuildConfiguration;
			buildSettings = {
				ASSETCATALOG_COMPILER_APPICON_NAME = AppIcon;
				ASSETCATALOG_COMPILER_GLOBAL_ACCENT_COLOR_NAME = AccentColor;
				CODE_SIGN_STYLE = Automatic;
				CURRENT_PROJECT_VERSION = 1;
				DEVELOPMENT_TEAM = T9MD4URZFH;
				ENABLE_PREVIEWS = YES;
				GENERATE_INFOPLIST_FILE = YES;
				INFOPLIST_FILE = Smile4MeiOS/Info.plist;
				INFOPLIST_KEY_CFBundleDisplayName = Smile4Me;
				INFOPLIST_KEY_LSApplicationCategoryType = "public.app-category.entertainment";
				INFOPLIST_KEY_UIApplicationSceneManifest_Generation = YES;
				INFOPLIST_KEY_UIApplicationSupportsIndirectInputEvents = YES;
				INFOPLIST_KEY_UILaunchScreen_Generation = YES;
				INFOPLIST_KEY_UILaunchStoryboardName = "Launch Screen";
				INFOPLIST_KEY_UISupportedInterfaceOrientations = UIInterfaceOrientationPortrait;
				IPHONEOS_DEPLOYMENT_TARGET = 26.1;
				LD_RUNPATH_SEARCH_PATHS = (
					"$(inherited)",
					"@executable_path/Frameworks",
				);
				MARKETING_VERSION = 1.0;
				PRODUCT_BUNDLE_IDENTIFIER = com.superkookai.Smile4Me;
				PRODUCT_NAME = "$(TARGET_NAME)";
				SDKROOT = iphoneos;
				STRING_CATALOG_GENERATE_SYMBOLS = YES;
				SUPPORTED_PLATFORMS = "iphoneos iphonesimulator";
				SUPPORTS_MACCATALYST = NO;
				SUPPORTS_MAC_DESIGNED_FOR_IPHONE_IPAD = NO;
				SUPPORTS_XR_DESIGNED_FOR_IPHONE_IPAD = NO;
				SWIFT_APPROACHABLE_CONCURRENCY = YES;
				SWIFT_DEFAULT_ACTOR_ISOLATION = MainActor;
				SWIFT_EMIT_LOC_STRINGS = YES;
				SWIFT_UPCOMING_FEATURE_MEMBER_IMPORT_VISIBILITY = YES;
				SWIFT_VERSION = 5.0;
				TARGETED_DEVICE_FAMILY = 1;
			};
			name = Debug;
		};
		BF9DCD6A2EFA47E3004EFB1E /* Release */ = {
			isa = XCBuildConfiguration;
			buildSettings = {
				ASSETCATALOG_COMPILER_APPICON_NAME = AppIcon;
				ASSETCATALOG_COMPILER_GLOBAL_ACCENT_COLOR_NAME = AccentColor;
				CODE_SIGN_STYLE = Automatic;
				CURRENT_PROJECT_VERSION = 1;
				DEVELOPMENT_TEAM = T9MD4URZFH;
				ENABLE_PREVIEWS = YES;
				GENERATE_INFOPLIST_FILE = YES;
				INFOPLIST_FILE = Smile4MeiOS/Info.plist;
				INFOPLIST_KEY_CFBundleDisplayName = Smile4Me;
				INFOPLIST_KEY_LSApplicationCategoryType = "public.app-category.entertainment";
				INFOPLIST_KEY_UIApplicationSceneManifest_Generation = YES;
				INFOPLIST_KEY_UIApplicationSupportsIndirectInputEvents = YES;
				INFOPLIST_KEY_UILaunchScreen_Generation = YES;
				INFOPLIST_KEY_UILaunchStoryboardName = "Launch Screen";
				INFOPLIST_KEY_UISupportedInterfaceOrientations = UIInterfaceOrientationPortrait;
				IPHONEOS_DEPLOYMENT_TARGET = 26.1;
				LD_RUNPATH_SEARCH_PATHS = (
					"$(inherited)",
					"@executable_path/Frameworks",
				);
				MARKETING_VERSION = 1.0;
				PRODUCT_BUNDLE_IDENTIFIER = com.superkookai.Smile4Me;
				PRODUCT_NAME = "$(TARGET_NAME)";
				SDKROOT = iphoneos;
				STRING_CATALOG_GENERATE_SYMBOLS = YES;
				SUPPORTED_PLATFORMS = "iphoneos iphonesimulator";
				SUPPORTS_MACCATALYST = NO;
				SUPPORTS_MAC_DESIGNED_FOR_IPHONE_IPAD = NO;
				SUPPORTS_XR_DESIGNED_FOR_IPHONE_IPAD = NO;
				SWIFT_APPROACHABLE_CONCURRENCY = YES;
				SWIFT_DEFAULT_ACTOR_ISOLATION = MainActor;
				SWIFT_EMIT_LOC_STRINGS = YES;
				SWIFT_UPCOMING_FEATURE_MEMBER_IMPORT_VISIBILITY = YES;
				SWIFT_VERSION = 5.0;
				TARGETED_DEVICE_FAMILY = 1;
				VALIDATE_PRODUCT = YES;
			};
			name = Release;
		};
		BFDD42802EFB92C200D031F2 /* Debug */ = {
			isa = XCBuildConfiguration;
			buildSettings = {
				ASSETCATALOG_COMPILER_GLOBAL_ACCENT_COLOR_NAME = AccentColor;
				ASSETCATALOG_COMPILER_WIDGET_BACKGROUND_COLOR_NAME = WidgetBackground;
				CODE_SIGN_STYLE = Automatic;
				CURRENT_PROJECT_VERSION = 1;
				DEVELOPMENT_TEAM = T9MD4URZFH;
				GENERATE_INFOPLIST_FILE = YES;
				INFOPLIST_FILE = Smile4MeWidget/Info.plist;
				INFOPLIST_KEY_CFBundleDisplayName = Smile4MeWidget;
				INFOPLIST_KEY_NSHumanReadableCopyright = "";
				IPHONEOS_DEPLOYMENT_TARGET = 26.1;
				LD_RUNPATH_SEARCH_PATHS = (
					"$(inherited)",
					"@executable_path/Frameworks",
					"@executable_path/../../Frameworks",
				);
				MARKETING_VERSION = 1.0;
				PRODUCT_BUNDLE_IDENTIFIER = com.superkookai.Smile4Me.Smile4MeWidget;
				PRODUCT_NAME = "$(TARGET_NAME)";
				SDKROOT = iphoneos;
				SKIP_INSTALL = YES;
				STRING_CATALOG_GENERATE_SYMBOLS = YES;
				SWIFT_APPROACHABLE_CONCURRENCY = YES;
				SWIFT_EMIT_LOC_STRINGS = YES;
				SWIFT_UPCOMING_FEATURE_MEMBER_IMPORT_VISIBILITY = YES;
				SWIFT_VERSION = 5.0;
				TARGETED_DEVICE_FAMILY = "1,2";
			};
			name = Debug;
		};
		BFDD42812EFB92C200D031F2 /* Release */ = {
			isa = XCBuildConfiguration;
			buildSettings = {
				ASSETCATALOG_COMPILER_GLOBAL_ACCENT_COLOR_NAME = AccentColor;
				ASSETCATALOG_COMPILER_WIDGET_BACKGROUND_COLOR_NAME = WidgetBackground;
				CODE_SIGN_STYLE = Automatic;
				CURRENT_PROJECT_VERSION = 1;
				DEVELOPMENT_TEAM = T9MD4URZFH;
				GENERATE_INFOPLIST_FILE = YES;
				INFOPLIST_FILE = Smile4MeWidget/Info.plist;
				INFOPLIST_KEY_CFBundleDisplayName = Smile4MeWidget;
				INFOPLIST_KEY_NSHumanReadableCopyright = "";
				IPHONEOS_DEPLOYMENT_TARGET = 26.1;
				LD_RUNPATH_SEARCH_PATHS = (
					"$(inherited)",
					"@executable_path/Frameworks",
					"@executable_path/../../Frameworks",
				);
				MARKETING_VERSION = 1.0;
				PRODUCT_BUNDLE_IDENTIFIER = com.superkookai.Smile4Me.Smile4MeWidget;
				PRODUCT_NAME = "$(TARGET_NAME)";
				SDKROOT = iphoneos;
				SKIP_INSTALL = YES;
				STRING_CATALOG_GENERATE_SYMBOLS = YES;
				SWIFT_APPROACHABLE_CONCURRENCY = YES;
				SWIFT_EMIT_LOC_STRINGS = YES;
				SWIFT_UPCOMING_FEATURE_MEMBER_IMPORT_VISIBILITY = YES;
				SWIFT_VERSION = 5.0;
				TARGETED_DEVICE_FAMILY = "1,2";
				VALIDATE_PRODUCT = YES;
			};
			name = Release;
		};
/* End XCBuildConfiguration section */

/* Begin XCConfigurationList section */
		BF3BFCFF2EFCD69000D253F6 /* Build configuration list for PBXNativeTarget "Smile4MeWatchOS Watch App" */ = {
			isa = XCConfigurationList;
			buildConfigurations = (
				BF3BFCFD2EFCD69000D253F6 /* Debug */,
				BF3BFCFE2EFCD69000D253F6 /* Release */,
			);
			defaultConfigurationIsVisible = 0;
			defaultConfigurationName = Release;
		};
		BF3BFD1C2EFCE11900D253F6 /* Build configuration list for PBXNativeTarget "Smile4MeWatchOS LauncherExtension" */ = {
			isa = XCConfigurationList;
			buildConfigurations = (
				BF3BFD1D2EFCE11900D253F6 /* Debug */,
				BF3BFD1E2EFCE11900D253F6 /* Release */,
			);
			defaultConfigurationIsVisible = 0;
			defaultConfigurationName = Release;
		};
		BF937C1E2EF954AE00FC0916 /* Build configuration list for PBXProject "Smile4Me" */ = {
			isa = XCConfigurationList;
			buildConfigurations = (
				BF937C2C2EF954B000FC0916 /* Debug */,
				BF937C2D2EF954B000FC0916 /* Release */,
			);
			defaultConfigurationIsVisible = 0;
			defaultConfigurationName = Release;
		};
		BF937C2E2EF954B000FC0916 /* Build configuration list for PBXNativeTarget "Smile4Me" */ = {
			isa = XCConfigurationList;
			buildConfigurations = (
				BF937C2F2EF954B000FC0916 /* Debug */,
				BF937C302EF954B000FC0916 /* Release */,
			);
			defaultConfigurationIsVisible = 0;
			defaultConfigurationName = Release;
		};
		BF9DCD6B2EFA47E3004EFB1E /* Build configuration list for PBXNativeTarget "Smile4MeiOS" */ = {
			isa = XCConfigurationList;
			buildConfigurations = (
				BF9DCD692EFA47E3004EFB1E /* Debug */,
				BF9DCD6A2EFA47E3004EFB1E /* Release */,
			);
			defaultConfigurationIsVisible = 0;
			defaultConfigurationName = Release;
		};
		BFDD42822EFB92C200D031F2 /* Build configuration list for PBXNativeTarget "Smile4MeWidgetExtension" */ = {
			isa = XCConfigurationList;
			buildConfigurations = (
				BFDD42802EFB92C200D031F2 /* Debug */,
				BFDD42812EFB92C200D031F2 /* Release */,
			);
			defaultConfigurationIsVisible = 0;
			defaultConfigurationName = Release;
		};
/* End XCConfigurationList section */

/* Begin XCRemoteSwiftPackageReference section */
		BF937C3E2EF974E700FC0916 /* XCRemoteSwiftPackageReference "LaunchAtLogin-Modern" */ = {
			isa = XCRemoteSwiftPackageReference;
			repositoryURL = "https://github.com/sindresorhus/LaunchAtLogin-Modern";
			requirement = {
				branch = main;
				kind = branch;
			};
		};
/* End XCRemoteSwiftPackageReference section */

/* Begin XCSwiftPackageProductDependency section */
		BF937C3F2EF974E700FC0916 /* LaunchAtLogin */ = {
			isa = XCSwiftPackageProductDependency;
			package = BF937C3E2EF974E700FC0916 /* XCRemoteSwiftPackageReference "LaunchAtLogin-Modern" */;
			productName = LaunchAtLogin;
		};
/* End XCSwiftPackageProductDependency section */
	};
	rootObject = BF937C1B2EF954AE00FC0916 /* Project object */;
}
